
Microsoft Visual Studio Solution File, Format Version 12.00
# Visual Studio Version 16
VisualStudioVersion = 16.0.30330.147
MinimumVisualStudioVersion = 10.0.40219.1
Project("{FAE04EC0-301F-11D3-BF4B-00C04F79EFBC}") = "RTSPVideoPlayerAndRecorder", "RTSPVideoPlayerAndRecorder\RTSPVideoPlayerAndRecorder.csproj", "{BB7A9BEB-CF4F-4A31-84A8-97FFA47BA46E}"
EndProject
Global
	GlobalSection(SolutionConfigurationPlatforms) = preSolution
		Debug|Any CPU = Debug|Any CPU
		Release|Any CPU = Release|Any CPU
	EndGlobalSection
	GlobalSection(ProjectConfigurationPlatforms) = postSolution
		{BB7A9BEB-CF4F-4A31-84A8-97FFA47BA46E}.Debug|Any CPU.ActiveCfg = Debug|Any CPU
		{BB7A9BEB-CF4F-4A31-84A8-97FFA47BA46E}.Debug|Any CPU.Build.0 = Debug|Any CPU
		{BB7A9BEB-CF4F-4A31-84A8-97FFA47BA46E}.Release|Any CPU.ActiveCfg = Release|Any CPU
		{BB7A9BEB-CF4F-4A31-84A8-97FFA47BA46E}.Release|Any CPU.Build.0 = Release|Any CPU
	EndGlobalSection
	GlobalSection(SolutionProperties) = preSolution
		HideSolutionNode = FALSE
	EndGlobalSection
	GlobalSection(ExtensibilityGlobals) = postSolution
		SolutionGuid = {74CF93CF-A17C-4CEB-979F-F1378640576E}
	EndGlobalSection
EndGlobal
